<?xml version="1.0" encoding="utf-8"?>
<Project ToolsVersion="4.0" xmlns="http://schemas.microsoft.com/developer/msbuild/2003">
  <ItemGroup>
    <ClCompile Include="src\type\Client.cpp" />
    <ClCompile Include="src\util\ClientHolder.cpp" />
    <ClCompile Include="config\AppConfig.cpp" />
    <ClCompile Include="src\Main.cpp" />
    <ClCompile Include="src\MatchServer.cpp" />
    <ClCompile Include="src\util\MetricGenerator.cpp" />
    <ClCompile Include="src\util\ServerHolder.cpp" />
    <ClCompile Include="src\util\Matcher.cpp" />
    <ClCompile Include="src\util\ConsoleLogger.h" />
    <ClCompile Include="src\MessageManager.cpp" />
  </ItemGroup>
  <ItemGroup>
    <ClInclude Include="src\util\ServerHolder.h" />
    <ClInclude Include="src\type\Client.h" />
    <ClInclude Include="src\util\ClientHolder.h" />
    <ClInclude Include="config\AppConfig.h" />
    <ClInclude Include="lib\json.hpp" />
    <ClInclude Include="src\MatchServer.h" />
    <ClInclude Include="src\util\MetricGenerator.h" />
    <ClInclude Include="src\util\Matcher.h" />
    <ClInclude Include="src\type\WaitingRoom.h" />
    <ClInclude Include="src\type\common.h" />
    <ClInclude Include="src\MessageManager.h" />
    <ClInclude Include="src\Protocol.h" />
  </ItemGroup>
  <ItemGroup>
    <None Include="config\app.json" />
  </ItemGroup>
</Project>